
Microsoft Visual Studio Solution File, Format Version 12.00
# Visual Studio 15
VisualStudioVersion = 15.0.26124.0
MinimumVisualStudioVersion = 15.0.26124.0
Project("{FAE04EC0-301F-11D3-BF4B-00C04F79EFBC}") = "Text", "Text\Text.csproj", "{637D2FAA-8A62-4701-B3E6-77A5F3703560}"
EndProject
Project("{FAE04EC0-301F-11D3-BF4B-00C04F79EFBC}") = "Text.Tests", "Text.Tests\Text.Tests.csproj", "{7877B1FB-2444-42B8-98AA-A4E4E041B961}"
EndProject
Global
	GlobalSection(SolutionConfigurationPlatforms) = preSolution
		Debug|Any CPU = Debug|Any CPU
		Debug|x64 = Debug|x64
		Debug|x86 = Debug|x86
		Release|Any CPU = Release|Any CPU
		Release|x64 = Release|x64
		Release|x86 = Release|x86
	EndGlobalSection
	GlobalSection(SolutionProperties) = preSolution
		HideSolutionNode = FALSE
	EndGlobalSection
	GlobalSection(ProjectConfigurationPlatforms) = postSolution
		{637D2FAA-8A62-4701-B3E6-77A5F3703560}.Debug|Any CPU.ActiveCfg = Debug|Any CPU
		{637D2FAA-8A62-4701-B3E6-77A5F3703560}.Debug|Any CPU.Build.0 = Debug|Any CPU
		{637D2FAA-8A62-4701-B3E6-77A5F3703560}.Debug|x64.ActiveCfg = Debug|Any CPU
		{637D2FAA-8A62-4701-B3E6-77A5F3703560}.Debug|x64.Build.0 = Debug|Any CPU
		{637D2FAA-8A62-4701-B3E6-77A5F3703560}.Debug|x86.ActiveCfg = Debug|Any CPU
		{637D2FAA-8A62-4701-B3E6-77A5F3703560}.Debug|x86.Build.0 = Debug|Any CPU
		{637D2FAA-8A62-4701-B3E6-77A5F3703560}.Release|Any CPU.ActiveCfg = Release|Any CPU
		{637D2FAA-8A62-4701-B3E6-77A5F3703560}.Release|Any CPU.Build.0 = Release|Any CPU
		{637D2FAA-8A62-4701-B3E6-77A5F3703560}.Release|x64.ActiveCfg = Release|Any CPU
		{637D2FAA-8A62-4701-B3E6-77A5F3703560}.Release|x64.Build.0 = Release|Any CPU
		{637D2FAA-8A62-4701-B3E6-77A5F3703560}.Release|x86.ActiveCfg = Release|Any CPU
		{637D2FAA-8A62-4701-B3E6-77A5F3703560}.Release|x86.Build.0 = Release|Any CPU
		{7877B1FB-2444-42B8-98AA-A4E4E041B961}.Debug|Any CPU.ActiveCfg = Debug|Any CPU
		{7877B1FB-2444-42B8-98AA-A4E4E041B961}.Debug|Any CPU.Build.0 = Debug|Any CPU
		{7877B1FB-2444-42B8-98AA-A4E4E041B961}.Debug|x64.ActiveCfg = Debug|Any CPU
		{7877B1FB-2444-42B8-98AA-A4E4E041B961}.Debug|x64.Build.0 = Debug|Any CPU
		{7877B1FB-2444-42B8-98AA-A4E4E041B961}.Debug|x86.ActiveCfg = Debug|Any CPU
		{7877B1FB-2444-42B8-98AA-A4E4E041B961}.Debug|x86.Build.0 = Debug|Any CPU
		{7877B1FB-2444-42B8-98AA-A4E4E041B961}.Release|Any CPU.ActiveCfg = Release|Any CPU
		{7877B1FB-2444-42B8-98AA-A4E4E041B961}.Release|Any CPU.Build.0 = Release|Any CPU
		{7877B1FB-2444-42B8-98AA-A4E4E041B961}.Release|x64.ActiveCfg = Release|Any CPU
		{7877B1FB-2444-42B8-98AA-A4E4E041B961}.Release|x64.Build.0 = Release|Any CPU
		{7877B1FB-2444-42B8-98AA-A4E4E041B961}.Release|x86.ActiveCfg = Release|Any CPU
		{7877B1FB-2444-42B8-98AA-A4E4E041B961}.Release|x86.Build.0 = Release|Any CPU
	EndGlobalSection
EndGlobal
